
Microsoft Visual Studio Solution File, Format Version 12.00
# Visual Studio Version 17
VisualStudioVersion = 17.8.34330.188
MinimumVisualStudioVersion = 10.0.40219.1
Project("{FAE04EC0-301F-11D3-BF4B-00C04F79EFBC}") = "Lemonui-wpf-test", "Lemonui-wpf-test\Lemonui-wpf-test.csproj", "{AB110ED7-30EB-40B2-A2BB-45EFE4341DAC}"
EndProject
Project("{FAE04EC0-301F-11D3-BF4B-00C04F79EFBC}") = "Lemonui-wpf", "Lemonui-wpf\Lemonui-wpf.csproj", "{F9BEAC3E-0393-4936-882E-1AE0E63C89BB}"
EndProject
Global
	GlobalSection(SolutionConfigurationPlatforms) = preSolution
		Debug|Any CPU = Debug|Any CPU
		Release|Any CPU = Release|Any CPU
	EndGlobalSection
	GlobalSection(ProjectConfigurationPlatforms) = postSolution
		{AB110ED7-30EB-40B2-A2BB-45EFE4341DAC}.Debug|Any CPU.ActiveCfg = Debug|Any CPU
		{AB110ED7-30EB-40B2-A2BB-45EFE4341DAC}.Debug|Any CPU.Build.0 = Debug|Any CPU
		{AB110ED7-30EB-40B2-A2BB-45EFE4341DAC}.Release|Any CPU.ActiveCfg = Release|Any CPU
		{AB110ED7-30EB-40B2-A2BB-45EFE4341DAC}.Release|Any CPU.Build.0 = Release|Any CPU
		{F9BEAC3E-0393-4936-882E-1AE0E63C89BB}.Debug|Any CPU.ActiveCfg = Debug|Any CPU
		{F9BEAC3E-0393-4936-882E-1AE0E63C89BB}.Debug|Any CPU.Build.0 = Debug|Any CPU
		{F9BEAC3E-0393-4936-882E-1AE0E63C89BB}.Release|Any CPU.ActiveCfg = Release|Any CPU
		{F9BEAC3E-0393-4936-882E-1AE0E63C89BB}.Release|Any CPU.Build.0 = Release|Any CPU
	EndGlobalSection
	GlobalSection(SolutionProperties) = preSolution
		HideSolutionNode = FALSE
	EndGlobalSection
	GlobalSection(ExtensibilityGlobals) = postSolution
		SolutionGuid = {FABE9ECB-53E8-4738-B385-DB06D7E8F92C}
	EndGlobalSection
EndGlobal
